lockfileVersion: '9.0'

settings:
  autoInstallPeers: true
  excludeLinksFromLockfile: false

importers:

  .:
    dependencies:
      '@nestjs/bullmq':
        specifier: ^11.0.4
        version: 11.0.4(@nestjs/common@11.1.9(reflect-metadata@0.2.2)(rxjs@7.8.2))(@nestjs/core@11.1.9(@nestjs/common@11.1.9(reflect-metadata@0.2.2)(rxjs@7.8.2))(reflect-metadata@0.2.2)(rxjs@7.8.2))(bullmq@5.65.1)
      bullmq:
        specifier: ^5.65.1
        version: 5.65.1

packages:

  '@borewit/text-codec@0.1.1':
    resolution: {integrity: sha512-5L/uBxmjaCIX5h8Z+uu+kA9BQLkc/Wl06UGR5ajNRxu+/XjonB5i8JpgFMrPj3LXTCPA0pv8yxUvbUi+QthGGA==}

  '@ioredis/commands@1.4.0':
    resolution: {integrity: sha512-aFT2yemJJo+TZCmieA7qnYGQooOS7QfNmYrzGtsYd3g9j5iDP8AimYYAesf79ohjbLG12XxC4nG5DyEnC88AsQ==}

  '@lukeed/csprng@1.1.0':
    resolution: {integrity: sha512-Z7C/xXCiGWsg0KuKsHTKJxbWhpI3Vs5GwLfOean7MGyVFGqdRgBbAjOCh6u4bbjPc/8MJ2pZmK/0DLdCbivLDA==}
    engines: {node: '>=8'}

  '@msgpackr-extract/msgpackr-extract-darwin-arm64@3.0.3':
    resolution: {integrity: sha512-QZHtlVgbAdy2zAqNA9Gu1UpIuI8Xvsd1v8ic6B2pZmeFnFcMWiPLfWXh7TVw4eGEZ/C9TH281KwhVoeQUKbyjw==}
    cpu: [arm64]
    os: [darwin]

  '@msgpackr-extract/msgpackr-extract-darwin-x64@3.0.3':
    resolution: {integrity: sha512-mdzd3AVzYKuUmiWOQ8GNhl64/IoFGol569zNRdkLReh6LRLHOXxU4U8eq0JwaD8iFHdVGqSy4IjFL4reoWCDFw==}
    cpu: [x64]
    os: [darwin]

  '@msgpackr-extract/msgpackr-extract-linux-arm64@3.0.3':
    resolution: {integrity: sha512-YxQL+ax0XqBJDZiKimS2XQaf+2wDGVa1enVRGzEvLLVFeqa5kx2bWbtcSXgsxjQB7nRqqIGFIcLteF/sHeVtQg==}
    cpu: [arm64]
    os: [linux]

  '@msgpackr-extract/msgpackr-extract-linux-arm@3.0.3':
    resolution: {integrity: sha512-fg0uy/dG/nZEXfYilKoRe7yALaNmHoYeIoJuJ7KJ+YyU2bvY8vPv27f7UKhGRpY6euFYqEVhxCFZgAUNQBM3nw==}
    cpu: [arm]
    os: [linux]

  '@msgpackr-extract/msgpackr-extract-linux-x64@3.0.3':
    resolution: {integrity: sha512-cvwNfbP07pKUfq1uH+S6KJ7dT9K8WOE4ZiAcsrSes+UY55E/0jLYc+vq+DO7jlmqRb5zAggExKm0H7O/CBaesg==}
    cpu: [x64]
    os: [linux]

  '@msgpackr-extract/msgpackr-extract-win32-x64@3.0.3':
    resolution: {integrity: sha512-x0fWaQtYp4E6sktbsdAqnehxDgEc/VwM7uLsRCYWaiGu0ykYdZPiS8zCWdnjHwyiumousxfBm4SO31eXqwEZhQ==}
    cpu: [x64]
    os: [win32]

  '@nestjs/bull-shared@11.0.4':
    resolution: {integrity: sha512-VBJcDHSAzxQnpcDfA0kt9MTGUD1XZzfByV70su0W0eDCQ9aqIEBlzWRW21tv9FG9dIut22ysgDidshdjlnczLw==}
    peerDependencies:
      '@nestjs/common': ^10.0.0 || ^11.0.0
      '@nestjs/core': ^10.0.0 || ^11.0.0

  '@nestjs/bullmq@11.0.4':
    resolution: {integrity: sha512-wBzK9raAVG0/6NTMdvLGM4/FQ1lsB35/pYS8L6a0SDgkTiLpd7mAjQ8R692oMx5s7IjvgntaZOuTUrKYLNfIkA==}
    peerDependencies:
      '@nestjs/common': ^10.0.0 || ^11.0.0
      '@nestjs/core': ^10.0.0 || ^11.0.0
      bullmq: ^3.0.0 || ^4.0.0 || ^5.0.0

  '@nestjs/common@11.1.9':
    resolution: {integrity: sha512-zDntUTReRbAThIfSp3dQZ9kKqI+LjgLp5YZN5c1bgNRDuoeLySAoZg46Bg1a+uV8TMgIRziHocglKGNzr6l+bQ==}
    peerDependencies:
      class-transformer: '>=0.4.1'
      class-validator: '>=0.13.2'
      reflect-metadata: ^0.1.12 || ^0.2.0
      rxjs: ^7.1.0
    peerDependenciesMeta:
      class-transformer:
        optional: true
      class-validator:
        optional: true

  '@nestjs/core@11.1.9':
    resolution: {integrity: sha512-a00B0BM4X+9z+t3UxJqIZlemIwCQdYoPKrMcM+ky4z3pkqqG1eTWexjs+YXpGObnLnjtMPVKWlcZHp3adDYvUw==}
    engines: {node: '>= 20'}
    peerDependencies:
      '@nestjs/common': ^11.0.0
      '@nestjs/microservices': ^11.0.0
      '@nestjs/platform-express': ^11.0.0
      '@nestjs/websockets': ^11.0.0
      reflect-metadata: ^0.1.12 || ^0.2.0
      rxjs: ^7.1.0
    peerDependenciesMeta:
      '@nestjs/microservices':
        optional: true
      '@nestjs/platform-express':
        optional: true
      '@nestjs/websockets':
        optional: true

  '@nuxt/opencollective@0.4.1':
    resolution: {integrity: sha512-GXD3wy50qYbxCJ652bDrDzgMr3NFEkIS374+IgFQKkCvk9yiYcLvX2XDYr7UyQxf4wK0e+yqDYRubZ0DtOxnmQ==}
    engines: {node: ^14.18.0 || >=16.10.0, npm: '>=5.10.0'}
    hasBin: true

  '@tokenizer/inflate@0.3.1':
    resolution: {integrity: sha512-4oeoZEBQdLdt5WmP/hx1KZ6D3/Oid/0cUb2nk4F0pTDAWy+KCH3/EnAkZF/bvckWo8I33EqBm01lIPgmgc8rCA==}
    engines: {node: '>=18'}

  '@tokenizer/token@0.3.0':
    resolution: {integrity: sha512-OvjF+z51L3ov0OyAU0duzsYuvO01PH7x4t6DJx+guahgTnBHkhJdG7soQeTSFLWN3efnHyibZ4Z8l2EuWwJN3A==}

  bullmq@5.65.1:
    resolution: {integrity: sha512-QgDAzX1G9L5IRy4Orva5CfQTXZT+5K+OfO/kbPrAqN+pmL9LJekCzxijXehlm/u2eXfWPfWvIdJJIqiuz3WJSg==}

  cluster-key-slot@1.1.2:
    resolution: {integrity: sha512-RMr0FhtfXemyinomL4hrWcYJxmX6deFdCxpJzhDttxgO1+bcCnkk+9drydLVDmAMG7NE6aN/fl4F7ucU/90gAA==}
    engines: {node: '>=0.10.0'}

  consola@3.4.2:
    resolution: {integrity: sha512-5IKcdX0nnYavi6G7TtOhwkYzyjfJlatbjMjuLSfE2kYT5pMDOilZ4OvMhi637CcDICTmz3wARPoyhqyX1Y+XvA==}
    engines: {node: ^14.18.0 || >=16.10.0}

  cron-parser@4.9.0:
    resolution: {integrity: sha512-p0SaNjrHOnQeR8/VnfGbmg9te2kfyYSQ7Sc/j/6DtPL3JQvKxmjO9TSjNFpujqV3vEYYBvNNvXSxzyksBWAx1Q==}
    engines: {node: '>=12.0.0'}

  debug@4.4.3:
    resolution: {integrity: sha512-RGwwWnwQvkVfavKVt22FGLw+xYSdzARwm0ru6DhTVA3umU5hZc28V3kO4stgYryrTlLpuvgI9GiijltAjNbcqA==}
    engines: {node: '>=6.0'}
    peerDependencies:
      supports-color: '*'
    peerDependenciesMeta:
      supports-color:
        optional: true

  denque@2.1.0:
    resolution: {integrity: sha512-HVQE3AAb/pxF8fQAoiqpvg9i3evqug3hoiwakOyZAwJm+6vZehbkYXZ0l4JxS+I3QxM97v5aaRNhj8v5oBhekw==}
    engines: {node: '>=0.10'}

  detect-libc@2.1.2:
    resolution: {integrity: sha512-Btj2BOOO83o3WyH59e8MgXsxEQVcarkUOpEYrubB0urwnN10yQ364rsiByU11nZlqWYZm05i/of7io4mzihBtQ==}
    engines: {node: '>=8'}

  fast-safe-stringify@2.1.1:
    resolution: {integrity: sha512-W+KJc2dmILlPplD/H4K9l9LcAHAfPtP6BY84uVLXQ6Evcz9Lcg33Y2z1IVblT6xdY54PXYVHEv+0Wpq8Io6zkA==}

  fflate@0.8.2:
    resolution: {integrity: sha512-cPJU47OaAoCbg0pBvzsgpTPhmhqI5eJjh/JIu8tPj5q+T7iLvW/JAYUqmE7KOB4R1ZyEhzBaIQpQpardBF5z8A==}

  file-type@21.1.0:
    resolution: {integrity: sha512-boU4EHmP3JXkwDo4uhyBhTt5pPstxB6eEXKJBu2yu2l7aAMMm7QQYQEzssJmKReZYrFdFOJS8koVo6bXIBGDqA==}
    engines: {node: '>=20'}

  ieee754@1.2.1:
    resolution: {integrity: sha512-dcyqhDvX1C46lXZcVqCpK+FtMRQVdIMN6/Df5js2zouUsqG7I6sFxitIC+7KYK29KdXOLHdu9zL4sFnoVQnqaA==}

  ioredis@5.8.2:
    resolution: {integrity: sha512-C6uC+kleiIMmjViJINWk80sOQw5lEzse1ZmvD+S/s8p8CWapftSaC+kocGTx6xrbrJ4WmYQGC08ffHLr6ToR6Q==}
    engines: {node: '>=12.22.0'}

  iterare@1.2.1:
    resolution: {integrity: sha512-RKYVTCjAnRthyJes037NX/IiqeidgN1xc3j1RjFfECFp28A1GVwK9nA+i0rJPaHqSZwygLzRnFlzUuHFoWWy+Q==}
    engines: {node: '>=6'}

  load-esm@1.0.3:
    resolution: {integrity: sha512-v5xlu8eHD1+6r8EHTg6hfmO97LN8ugKtiXcy5e6oN72iD2r6u0RPfLl6fxM+7Wnh2ZRq15o0russMst44WauPA==}
    engines: {node: '>=13.2.0'}

  lodash.defaults@4.2.0:
    resolution: {integrity: sha512-qjxPLHd3r5DnsdGacqOMU6pb/avJzdh9tFX2ymgoZE27BmjXrNy/y4LoaiTeAb+O3gL8AfpJGtqfX/ae2leYYQ==}

  lodash.isarguments@3.1.0:
    resolution: {integrity: sha512-chi4NHZlZqZD18a0imDHnZPrDeBbTtVN7GXMwuGdRH9qotxAjYs3aVLKc7zNOG9eddR5Ksd8rvFEBc9SsggPpg==}

  luxon@3.7.2:
    resolution: {integrity: sha512-vtEhXh/gNjI9Yg1u4jX/0YVPMvxzHuGgCm6tC5kZyb08yjGWGnqAjGJvcXbqQR2P3MyMEFnRbpcdFS6PBcLqew==}
    engines: {node: '>=12'}

  ms@2.1.3:
    resolution: {integrity: sha512-6FlzubTLZG3J2a/NVCAleEhjzq5oxgHyaCU9yYXvcLsvoVaHJq/s5xXI6/XXP6tz7R9xAOtHnSO/tXtF3WRTlA==}

  msgpackr-extract@3.0.3:
    resolution: {integrity: sha512-P0efT1C9jIdVRefqjzOQ9Xml57zpOXnIuS+csaB4MdZbTdmGDLo8XhzBG1N7aO11gKDDkJvBLULeFTo46wwreA==}
    hasBin: true

  msgpackr@1.11.5:
    resolution: {integrity: sha512-UjkUHN0yqp9RWKy0Lplhh+wlpdt9oQBYgULZOiFhV3VclSF1JnSQWZ5r9gORQlNYaUKQoR8itv7g7z1xDDuACA==}

  node-abort-controller@3.1.1:
    resolution: {integrity: sha512-AGK2yQKIjRuqnc6VkX2Xj5d+QW8xZ87pa1UK6yA6ouUyuxfHuMP6umE5QK7UmTeOAymo+Zx1Fxiuw9rVx8taHQ==}

  node-gyp-build-optional-packages@5.2.2:
    resolution: {integrity: sha512-s+w+rBWnpTMwSFbaE0UXsRlg7hU4FjekKU4eyAih5T8nJuNZT1nNsskXpxmeqSK9UzkBl6UgRlnKc8hz8IEqOw==}
    hasBin: true

  path-to-regexp@8.3.0:
    resolution: {integrity: sha512-7jdwVIRtsP8MYpdXSwOS0YdD0Du+qOoF/AEPIt88PcCFrZCzx41oxku1jD88hZBwbNUIEfpqvuhjFaMAqMTWnA==}

  redis-errors@1.2.0:
    resolution: {integrity: sha512-1qny3OExCf0UvUV/5wpYKf2YwPcOqXzkwKKSmKHiE6ZMQs5heeE/c8eXK+PNllPvmjgAbfnsbpkGZWy8cBpn9w==}
    engines: {node: '>=4'}

  redis-parser@3.0.0:
    resolution: {integrity: sha512-DJnGAeenTdpMEH6uAJRK/uiyEIH9WVsUmoLwzudwGJUwZPp80PDBWPHXSAGNPwNvIXAbe7MSUB1zQFugFml66A==}
    engines: {node: '>=4'}

  reflect-metadata@0.2.2:
    resolution: {integrity: sha512-urBwgfrvVP/eAyXx4hluJivBKzuEbSQs9rKWCrCkbSxNv8mxPcUZKeuoF3Uy4mJl3Lwprp6yy5/39VWigZ4K6Q==}

  rxjs@7.8.2:
    resolution: {integrity: sha512-dhKf903U/PQZY6boNNtAGdWbG85WAbjT/1xYoZIC7FAY0yWapOBQVsVrDl58W86//e1VpMNBtRV4MaXfdMySFA==}

  semver@7.7.3:
    resolution: {integrity: sha512-SdsKMrI9TdgjdweUSR9MweHA4EJ8YxHn8DFaDisvhVlUOe4BF1tLD7GAj0lIqWVl+dPb/rExr0Btby5loQm20Q==}
    engines: {node: '>=10'}
    hasBin: true

  standard-as-callback@2.1.0:
    resolution: {integrity: sha512-qoRRSyROncaz1z0mvYqIE4lCd9p2R90i6GxW3uZv5ucSu8tU7B5HXUP1gG8pVZsYNVaXjk8ClXHPttLyxAL48A==}

  strtok3@10.3.4:
    resolution: {integrity: sha512-KIy5nylvC5le1OdaaoCJ07L+8iQzJHGH6pWDuzS+d07Cu7n1MZ2x26P8ZKIWfbK02+XIL8Mp4RkWeqdUCrDMfg==}
    engines: {node: '>=18'}

  token-types@6.1.1:
    resolution: {integrity: sha512-kh9LVIWH5CnL63Ipf0jhlBIy0UsrMj/NJDfpsy1SqOXlLKEVyXXYrnFxFT1yOOYVGBSApeVnjPw/sBz5BfEjAQ==}
    engines: {node: '>=14.16'}

  tslib@2.8.1:
    resolution: {integrity: sha512-oJFu94HQb+KVduSUQL7wnpmqnfmLsOA/nAh6b6EH0wCEoK0/mPeXU6c3wKDV83MkOuHPRHtSXKKU99IBazS/2w==}

  uid@2.0.2:
    resolution: {integrity: sha512-u3xV3X7uzvi5b1MncmZo3i2Aw222Zk1keqLA1YkHldREkAhAqi65wuPfe7lHx8H/Wzy+8CE7S7uS3jekIM5s8g==}
    engines: {node: '>=8'}

  uint8array-extras@1.5.0:
    resolution: {integrity: sha512-rvKSBiC5zqCCiDZ9kAOszZcDvdAHwwIKJG33Ykj43OKcWsnmcBRL09YTU4nOeHZ8Y2a7l1MgTd08SBe9A8Qj6A==}
    engines: {node: '>=18'}

  uuid@11.1.0:
    resolution: {integrity: sha512-0/A9rDy9P7cJ+8w1c9WD9V//9Wj15Ce2MPz8Ri6032usz+NfePxx5AcN3bN+r6ZL6jEo066/yNYB3tn4pQEx+A==}
    hasBin: true

snapshots:

  '@borewit/text-codec@0.1.1': {}

  '@ioredis/commands@1.4.0': {}

  '@lukeed/csprng@1.1.0': {}

  '@msgpackr-extract/msgpackr-extract-darwin-arm64@3.0.3':
    optional: true

  '@msgpackr-extract/msgpackr-extract-darwin-x64@3.0.3':
    optional: true

  '@msgpackr-extract/msgpackr-extract-linux-arm64@3.0.3':
    optional: true

  '@msgpackr-extract/msgpackr-extract-linux-arm@3.0.3':
    optional: true

  '@msgpackr-extract/msgpackr-extract-linux-x64@3.0.3':
    optional: true

  '@msgpackr-extract/msgpackr-extract-win32-x64@3.0.3':
    optional: true

  '@nestjs/bull-shared@11.0.4(@nestjs/common@11.1.9(reflect-metadata@0.2.2)(rxjs@7.8.2))(@nestjs/core@11.1.9(@nestjs/common@11.1.9(reflect-metadata@0.2.2)(rxjs@7.8.2))(reflect-metadata@0.2.2)(rxjs@7.8.2))':
    dependencies:
      '@nestjs/common': 11.1.9(reflect-metadata@0.2.2)(rxjs@7.8.2)
      '@nestjs/core': 11.1.9(@nestjs/common@11.1.9(reflect-metadata@0.2.2)(rxjs@7.8.2))(reflect-metadata@0.2.2)(rxjs@7.8.2)
      tslib: 2.8.1

  '@nestjs/bullmq@11.0.4(@nestjs/common@11.1.9(reflect-metadata@0.2.2)(rxjs@7.8.2))(@nestjs/core@11.1.9(@nestjs/common@11.1.9(reflect-metadata@0.2.2)(rxjs@7.8.2))(reflect-metadata@0.2.2)(rxjs@7.8.2))(bullmq@5.65.1)':
    dependencies:
      '@nestjs/bull-shared': 11.0.4(@nestjs/common@11.1.9(reflect-metadata@0.2.2)(rxjs@7.8.2))(@nestjs/core@11.1.9(@nestjs/common@11.1.9(reflect-metadata@0.2.2)(rxjs@7.8.2))(reflect-metadata@0.2.2)(rxjs@7.8.2))
      '@nestjs/common': 11.1.9(reflect-metadata@0.2.2)(rxjs@7.8.2)
      '@nestjs/core': 11.1.9(@nestjs/common@11.1.9(reflect-metadata@0.2.2)(rxjs@7.8.2))(reflect-metadata@0.2.2)(rxjs@7.8.2)
      bullmq: 5.65.1
      tslib: 2.8.1

  '@nestjs/common@11.1.9(reflect-metadata@0.2.2)(rxjs@7.8.2)':
    dependencies:
      file-type: 21.1.0
      iterare: 1.2.1
      load-esm: 1.0.3
      reflect-metadata: 0.2.2
      rxjs: 7.8.2
      tslib: 2.8.1
      uid: 2.0.2
    transitivePeerDependencies:
      - supports-color

  '@nestjs/core@11.1.9(@nestjs/common@11.1.9(reflect-metadata@0.2.2)(rxjs@7.8.2))(reflect-metadata@0.2.2)(rxjs@7.8.2)':
    dependencies:
      '@nestjs/common': 11.1.9(reflect-metadata@0.2.2)(rxjs@7.8.2)
      '@nuxt/opencollective': 0.4.1
      fast-safe-stringify: 2.1.1
      iterare: 1.2.1
      path-to-regexp: 8.3.0
      reflect-metadata: 0.2.2
      rxjs: 7.8.2
      tslib: 2.8.1
      uid: 2.0.2

  '@nuxt/opencollective@0.4.1':
    dependencies:
      consola: 3.4.2

  '@tokenizer/inflate@0.3.1':
    dependencies:
      debug: 4.4.3
      fflate: 0.8.2
      token-types: 6.1.1
    transitivePeerDependencies:
      - supports-color

  '@tokenizer/token@0.3.0': {}

  bullmq@5.65.1:
    dependencies:
      cron-parser: 4.9.0
      ioredis: 5.8.2
      msgpackr: 1.11.5
      node-abort-controller: 3.1.1
      semver: 7.7.3
      tslib: 2.8.1
      uuid: 11.1.0
    transitivePeerDependencies:
      - supports-color

  cluster-key-slot@1.1.2: {}

  consola@3.4.2: {}

  cron-parser@4.9.0:
    dependencies:
      luxon: 3.7.2

  debug@4.4.3:
    dependencies:
      ms: 2.1.3

  denque@2.1.0: {}

  detect-libc@2.1.2:
    optional: true

  fast-safe-stringify@2.1.1: {}

  fflate@0.8.2: {}

  file-type@21.1.0:
    dependencies:
      '@tokenizer/inflate': 0.3.1
      strtok3: 10.3.4
      token-types: 6.1.1
      uint8array-extras: 1.5.0
    transitivePeerDependencies:
      - supports-color

  ieee754@1.2.1: {}

  ioredis@5.8.2:
    dependencies:
      '@ioredis/commands': 1.4.0
      cluster-key-slot: 1.1.2
      debug: 4.4.3
      denque: 2.1.0
      lodash.defaults: 4.2.0
      lodash.isarguments: 3.1.0
      redis-errors: 1.2.0
      redis-parser: 3.0.0
      standard-as-callback: 2.1.0
    transitivePeerDependencies:
      - supports-color

  iterare@1.2.1: {}

  load-esm@1.0.3: {}

  lodash.defaults@4.2.0: {}

  lodash.isarguments@3.1.0: {}

  luxon@3.7.2: {}

  ms@2.1.3: {}

  msgpackr-extract@3.0.3:
    dependencies:
      node-gyp-build-optional-packages: 5.2.2
    optionalDependencies:
      '@msgpackr-extract/msgpackr-extract-darwin-arm64': 3.0.3
      '@msgpackr-extract/msgpackr-extract-darwin-x64': 3.0.3
      '@msgpackr-extract/msgpackr-extract-linux-arm': 3.0.3
      '@msgpackr-extract/msgpackr-extract-linux-arm64': 3.0.3
      '@msgpackr-extract/msgpackr-extract-linux-x64': 3.0.3
      '@msgpackr-extract/msgpackr-extract-win32-x64': 3.0.3
    optional: true

  msgpackr@1.11.5:
    optionalDependencies:
      msgpackr-extract: 3.0.3

  node-abort-controller@3.1.1: {}

  node-gyp-build-optional-packages@5.2.2:
    dependencies:
      detect-libc: 2.1.2
    optional: true

  path-to-regexp@8.3.0: {}

  redis-errors@1.2.0: {}

  redis-parser@3.0.0:
    dependencies:
      redis-errors: 1.2.0

  reflect-metadata@0.2.2: {}

  rxjs@7.8.2:
    dependencies:
      tslib: 2.8.1

  semver@7.7.3: {}

  standard-as-callback@2.1.0: {}

  strtok3@10.3.4:
    dependencies:
      '@tokenizer/token': 0.3.0

  token-types@6.1.1:
    dependencies:
      '@borewit/text-codec': 0.1.1
      '@tokenizer/token': 0.3.0
      ieee754: 1.2.1

  tslib@2.8.1: {}

  uid@2.0.2:
    dependencies:
      '@lukeed/csprng': 1.1.0

  uint8array-extras@1.5.0: {}

  uuid@11.1.0: {}
